
Microsoft Visual Studio Solution File, Format Version 12.00
# Visual Studio Version 16
VisualStudioVersion = 16.0.31729.503
MinimumVisualStudioVersion = 10.0.40219.1
Project("{FAE04EC0-301F-11D3-BF4B-00C04F79EFBC}") = "UnitTest_Mock", "UnitTest_Mock\UnitTest_Mock.csproj", "{A042D7CC-AF1F-4D7A-8DC9-7AA8F754C766}"
EndProject
Project("{FAE04EC0-301F-11D3-BF4B-00C04F79EFBC}") = "TestProject1", "TestProject1\TestProject1.csproj", "{D100C80A-8F06-4110-BB54-9657F977B805}"
EndProject
Global
	GlobalSection(SolutionConfigurationPlatforms) = preSolution
		Debug|Any CPU = Debug|Any CPU
		Release|Any CPU = Release|Any CPU
	EndGlobalSection
	GlobalSection(ProjectConfigurationPlatforms) = postSolution
		{A042D7CC-AF1F-4D7A-8DC9-7AA8F754C766}.Debug|Any CPU.ActiveCfg = Debug|Any CPU
		{A042D7CC-AF1F-4D7A-8DC9-7AA8F754C766}.Debug|Any CPU.Build.0 = Debug|Any CPU
		{A042D7CC-AF1F-4D7A-8DC9-7AA8F754C766}.Release|Any CPU.ActiveCfg = Release|Any CPU
		{A042D7CC-AF1F-4D7A-8DC9-7AA8F754C766}.Release|Any CPU.Build.0 = Release|Any CPU
		{D100C80A-8F06-4110-BB54-9657F977B805}.Debug|Any CPU.ActiveCfg = Debug|Any CPU
		{D100C80A-8F06-4110-BB54-9657F977B805}.Debug|Any CPU.Build.0 = Debug|Any CPU
		{D100C80A-8F06-4110-BB54-9657F977B805}.Release|Any CPU.ActiveCfg = Release|Any CPU
		{D100C80A-8F06-4110-BB54-9657F977B805}.Release|Any CPU.Build.0 = Release|Any CPU
	EndGlobalSection
	GlobalSection(SolutionProperties) = preSolution
		HideSolutionNode = FALSE
	EndGlobalSection
	GlobalSection(ExtensibilityGlobals) = postSolution
		SolutionGuid = {D7AF666C-ABF5-402E-B4C9-7500F73CE3BD}
	EndGlobalSection
EndGlobal
